
Microsoft Visual Studio Solution File, Format Version 12.00
# Visual Studio Version 16
VisualStudioVersion = 16.0.29209.62
MinimumVisualStudioVersion = 10.0.40219.1
Project("{FAE04EC0-301F-11D3-BF4B-00C04F79EFBC}") = "MyGarage", "MyGarage\MyGarage.csproj", "{4C969C6C-DE66-46D0-A90C-17DB66041C61}"
EndProject
Global
	GlobalSection(SolutionConfigurationPlatforms) = preSolution
		Debug|Any CPU = Debug|Any CPU
		Release|Any CPU = Release|Any CPU
	EndGlobalSection
	GlobalSection(ProjectConfigurationPlatforms) = postSolution
		{4C969C6C-DE66-46D0-A90C-17DB66041C61}.Debug|Any CPU.ActiveCfg = Debug|Any CPU
		{4C969C6C-DE66-46D0-A90C-17DB66041C61}.Debug|Any CPU.Build.0 = Debug|Any CPU
		{4C969C6C-DE66-46D0-A90C-17DB66041C61}.Release|Any CPU.ActiveCfg = Release|Any CPU
		{4C969C6C-DE66-46D0-A90C-17DB66041C61}.Release|Any CPU.Build.0 = Release|Any CPU
	EndGlobalSection
	GlobalSection(SolutionProperties) = preSolution
		HideSolutionNode = FALSE
	EndGlobalSection
	GlobalSection(ExtensibilityGlobals) = postSolution
		SolutionGuid = {3A8779AA-0A37-4A5C-A658-F995721598A0}
	EndGlobalSection
EndGlobal
